
Microsoft Visual Studio Solution File, Format Version 12.00
# Visual Studio Version 16
VisualStudioVersion = 16.0.31729.503
MinimumVisualStudioVersion = 10.0.40219.1
Project("{FAE04EC0-301F-11D3-BF4B-00C04F79EFBC}") = "Readrix.Android", "Readrix\Readrix.Android\Readrix.Android.csproj", "{2D2B6A79-AE6D-48C9-80E1-B8F94E1D1FB9}"
EndProject
Project("{FAE04EC0-301F-11D3-BF4B-00C04F79EFBC}") = "Readrix.iOS", "Readrix\Readrix.iOS\Readrix.iOS.csproj", "{4F3A0CFE-FB37-47CB-82FF-8255C1EF2E56}"
EndProject
Project("{FAE04EC0-301F-11D3-BF4B-00C04F79EFBC}") = "Readrix", "Readrix\Readrix\Readrix.csproj", "{C24A41DE-555B-4F15-9D95-AA6D9BE850B5}"
EndProject
Global
	GlobalSection(SolutionConfigurationPlatforms) = preSolution
		Debug|Any CPU = Debug|Any CPU
		Debug|iPhone = Debug|iPhone
		Debug|iPhoneSimulator = Debug|iPhoneSimulator
		Release|Any CPU = Release|Any CPU
		Release|iPhone = Release|iPhone
		Release|iPhoneSimulator = Release|iPhoneSimulator
	EndGlobalSection
	GlobalSection(ProjectConfigurationPlatforms) = postSolution
		{2D2B6A79-AE6D-48C9-80E1-B8F94E1D1FB9}.Debug|Any CPU.ActiveCfg = Debug|Any CPU
		{2D2B6A79-AE6D-48C9-80E1-B8F94E1D1FB9}.Debug|Any CPU.Build.0 = Debug|Any CPU
		{2D2B6A79-AE6D-48C9-80E1-B8F94E1D1FB9}.Debug|Any CPU.Deploy.0 = Debug|Any CPU
		{2D2B6A79-AE6D-48C9-80E1-B8F94E1D1FB9}.Debug|iPhone.ActiveCfg = Debug|Any CPU
		{2D2B6A79-AE6D-48C9-80E1-B8F94E1D1FB9}.Debug|iPhone.Build.0 = Debug|Any CPU
		{2D2B6A79-AE6D-48C9-80E1-B8F94E1D1FB9}.Debug|iPhone.Deploy.0 = Debug|Any CPU
		{2D2B6A79-AE6D-48C9-80E1-B8F94E1D1FB9}.Debug|iPhoneSimulator.ActiveCfg = Debug|Any CPU
		{2D2B6A79-AE6D-48C9-80E1-B8F94E1D1FB9}.Debug|iPhoneSimulator.Build.0 = Debug|Any CPU
		{2D2B6A79-AE6D-48C9-80E1-B8F94E1D1FB9}.Debug|iPhoneSimulator.Deploy.0 = Debug|Any CPU
		{2D2B6A79-AE6D-48C9-80E1-B8F94E1D1FB9}.Release|Any CPU.ActiveCfg = Release|Any CPU
		{2D2B6A79-AE6D-48C9-80E1-B8F94E1D1FB9}.Release|Any CPU.Build.0 = Release|Any CPU
		{2D2B6A79-AE6D-48C9-80E1-B8F94E1D1FB9}.Release|Any CPU.Deploy.0 = Release|Any CPU
		{2D2B6A79-AE6D-48C9-80E1-B8F94E1D1FB9}.Release|iPhone.ActiveCfg = Release|Any CPU
		{2D2B6A79-AE6D-48C9-80E1-B8F94E1D1FB9}.Release|iPhone.Build.0 = Release|Any CPU
		{2D2B6A79-AE6D-48C9-80E1-B8F94E1D1FB9}.Release|iPhone.Deploy.0 = Release|Any CPU
		{2D2B6A79-AE6D-48C9-80E1-B8F94E1D1FB9}.Release|iPhoneSimulator.ActiveCfg = Release|Any CPU
		{2D2B6A79-AE6D-48C9-80E1-B8F94E1D1FB9}.Release|iPhoneSimulator.Build.0 = Release|Any CPU
		{2D2B6A79-AE6D-48C9-80E1-B8F94E1D1FB9}.Release|iPhoneSimulator.Deploy.0 = Release|Any CPU
		{4F3A0CFE-FB37-47CB-82FF-8255C1EF2E56}.Debug|Any CPU.ActiveCfg = Debug|iPhone
		{4F3A0CFE-FB37-47CB-82FF-8255C1EF2E56}.Debug|Any CPU.Build.0 = Debug|iPhone
		{4F3A0CFE-FB37-47CB-82FF-8255C1EF2E56}.Debug|Any CPU.Deploy.0 = Debug|iPhone
		{4F3A0CFE-FB37-47CB-82FF-8255C1EF2E56}.Debug|iPhone.ActiveCfg = Debug|iPhone
		{4F3A0CFE-FB37-47CB-82FF-8255C1EF2E56}.Debug|iPhone.Build.0 = Debug|iPhone
		{4F3A0CFE-FB37-47CB-82FF-8255C1EF2E56}.Debug|iPhone.Deploy.0 = Debug|iPhone
		{4F3A0CFE-FB37-47CB-82FF-8255C1EF2E56}.Debug|iPhoneSimulator.ActiveCfg = Debug|iPhoneSimulator
		{4F3A0CFE-FB37-47CB-82FF-8255C1EF2E56}.Debug|iPhoneSimulator.Build.0 = Debug|iPhoneSimulator
		{4F3A0CFE-FB37-47CB-82FF-8255C1EF2E56}.Debug|iPhoneSimulator.Deploy.0 = Debug|iPhoneSimulator
		{4F3A0CFE-FB37-47CB-82FF-8255C1EF2E56}.Release|Any CPU.ActiveCfg = Release|iPhoneSimulator
		{4F3A0CFE-FB37-47CB-82FF-8255C1EF2E56}.Release|Any CPU.Build.0 = Release|iPhoneSimulator
		{4F3A0CFE-FB37-47CB-82FF-8255C1EF2E56}.Release|Any CPU.Deploy.0 = Release|iPhoneSimulator
		{4F3A0CFE-FB37-47CB-82FF-8255C1EF2E56}.Release|iPhone.ActiveCfg = Release|iPhone
		{4F3A0CFE-FB37-47CB-82FF-8255C1EF2E56}.Release|iPhone.Build.0 = Release|iPhone
		{4F3A0CFE-FB37-47CB-82FF-8255C1EF2E56}.Release|iPhone.Deploy.0 = Release|iPhone
		{4F3A0CFE-FB37-47CB-82FF-8255C1EF2E56}.Release|iPhoneSimulator.ActiveCfg = Release|iPhoneSimulator
		{4F3A0CFE-FB37-47CB-82FF-8255C1EF2E56}.Release|iPhoneSimulator.Build.0 = Release|iPhoneSimulator
		{4F3A0CFE-FB37-47CB-82FF-8255C1EF2E56}.Release|iPhoneSimulator.Deploy.0 = Release|iPhoneSimulator
		{C24A41DE-555B-4F15-9D95-AA6D9BE850B5}.Debug|Any CPU.ActiveCfg = Debug|Any CPU
		{C24A41DE-555B-4F15-9D95-AA6D9BE850B5}.Debug|Any CPU.Build.0 = Debug|Any CPU
		{C24A41DE-555B-4F15-9D95-AA6D9BE850B5}.Debug|Any CPU.Deploy.0 = Debug|Any CPU
		{C24A41DE-555B-4F15-9D95-AA6D9BE850B5}.Debug|iPhone.ActiveCfg = Debug|Any CPU
		{C24A41DE-555B-4F15-9D95-AA6D9BE850B5}.Debug|iPhone.Build.0 = Debug|Any CPU
		{C24A41DE-555B-4F15-9D95-AA6D9BE850B5}.Debug|iPhone.Deploy.0 = Debug|Any CPU
		{C24A41DE-555B-4F15-9D95-AA6D9BE850B5}.Debug|iPhoneSimulator.ActiveCfg = Debug|Any CPU
		{C24A41DE-555B-4F15-9D95-AA6D9BE850B5}.Debug|iPhoneSimulator.Build.0 = Debug|Any CPU
		{C24A41DE-555B-4F15-9D95-AA6D9BE850B5}.Debug|iPhoneSimulator.Deploy.0 = Debug|Any CPU
		{C24A41DE-555B-4F15-9D95-AA6D9BE850B5}.Release|Any CPU.ActiveCfg = Release|Any CPU
		{C24A41DE-555B-4F15-9D95-AA6D9BE850B5}.Release|Any CPU.Build.0 = Release|Any CPU
		{C24A41DE-555B-4F15-9D95-AA6D9BE850B5}.Release|Any CPU.Deploy.0 = Release|Any CPU
		{C24A41DE-555B-4F15-9D95-AA6D9BE850B5}.Release|iPhone.ActiveCfg = Release|Any CPU
		{C24A41DE-555B-4F15-9D95-AA6D9BE850B5}.Release|iPhone.Build.0 = Release|Any CPU
		{C24A41DE-555B-4F15-9D95-AA6D9BE850B5}.Release|iPhone.Deploy.0 = Release|Any CPU
		{C24A41DE-555B-4F15-9D95-AA6D9BE850B5}.Release|iPhoneSimulator.ActiveCfg = Release|Any CPU
		{C24A41DE-555B-4F15-9D95-AA6D9BE850B5}.Release|iPhoneSimulator.Build.0 = Release|Any CPU
		{C24A41DE-555B-4F15-9D95-AA6D9BE850B5}.Release|iPhoneSimulator.Deploy.0 = Release|Any CPU
	EndGlobalSection
	GlobalSection(SolutionProperties) = preSolution
		HideSolutionNode = FALSE
	EndGlobalSection
	GlobalSection(ExtensibilityGlobals) = postSolution
		SolutionGuid = {C44A9C66-9509-45A6-8431-F53933D797AE}
	EndGlobalSection
EndGlobal
